
Microsoft Visual Studio Solution File, Format Version 12.00
# Visual Studio Version 16
VisualStudioVersion = 16.0.29806.167
MinimumVisualStudioVersion = 10.0.40219.1
Project("{9A19103F-16F7-4668-BE54-9A1E7A4F7556}") = "VectorTiles", "VectorTiles\VectorTiles.csproj", "{1C420EF1-133C-4741-B5AF-9539A3BB7FF8}"
EndProject
Project("{9A19103F-16F7-4668-BE54-9A1E7A4F7556}") = "VectorTiles.MapboxGL", "VectorTiles.MapboxGL\VectorTiles.MapboxGL.csproj", "{7BECE4E7-8114-40D1-8C76-D6D72E1AB9C2}"
EndProject
Project("{FAE04EC0-301F-11D3-BF4B-00C04F79EFBC}") = "Factory", "Factory\Factory.csproj", "{31C8428A-456A-4E2B-AE2E-56C005BEC0CB}"
EndProject
Project("{9A19103F-16F7-4668-BE54-9A1E7A4F7556}") = "Tests", "Tests\Tests.csproj", "{6FFADF87-BD31-431B-9D9B-D4A159C89B04}"
EndProject
Project("{FAE04EC0-301F-11D3-BF4B-00C04F79EFBC}") = "Mapsui.Samples.Forms.UWP", "Mapsui.Samples.Forms\Mapsui.Samples.Forms.UWP\Mapsui.Samples.Forms.UWP.csproj", "{7E9BE1AE-44A6-42DD-A0AD-0F9B71DF4B13}"
EndProject
Project("{FAE04EC0-301F-11D3-BF4B-00C04F79EFBC}") = "Mapsui.Samples.Forms.Android", "Mapsui.Samples.Forms\Mapsui.Samples.Forms.Android\Mapsui.Samples.Forms.Android.csproj", "{3B473F46-720A-4CEA-B1A6-BB8FEF6A1E25}"
EndProject
Project("{FAE04EC0-301F-11D3-BF4B-00C04F79EFBC}") = "Mapsui.Samples.Forms.iOS", "Mapsui.Samples.Forms\Mapsui.Samples.Forms.iOS\Mapsui.Samples.Forms.iOS.csproj", "{95965E41-705F-4737-AC07-233FCBF050AA}"
EndProject
Project("{D954291E-2A0B-460D-934E-DC6B0785DB48}") = "Mapsui.Samples.Forms.Shared", "Mapsui.Samples.Forms.Shared\Mapsui.Samples.Forms.Shared.shproj", "{B24116AE-4457-4A16-BED1-38ADE8A12A08}"
EndProject
Global
	GlobalSection(SharedMSBuildProjectFiles) = preSolution
		Mapsui.Samples.Forms\Mapsui.Samples.Forms.Shared\Mapsui.Samples.Forms.Shared.projitems*{3b473f46-720a-4cea-b1a6-bb8fef6a1e25}*SharedItemsImports = 4
		Mapsui.Samples.Forms\Mapsui.Samples.Forms.Shared\Mapsui.Samples.Forms.Shared.projitems*{7e9be1ae-44a6-42dd-a0ad-0f9b71df4b13}*SharedItemsImports = 4
		Mapsui.Samples.Forms\Mapsui.Samples.Forms.Shared\Mapsui.Samples.Forms.Shared.projitems*{95965e41-705f-4737-ac07-233fcbf050aa}*SharedItemsImports = 4
		Mapsui.Samples.Forms.Shared\Mapsui.Samples.Forms.Shared.projitems*{b24116ae-4457-4a16-bed1-38ade8a12a08}*SharedItemsImports = 13
	EndGlobalSection
	GlobalSection(SolutionConfigurationPlatforms) = preSolution
		Debug|Any CPU = Debug|Any CPU
		Debug|ARM = Debug|ARM
		Debug|iPhone = Debug|iPhone
		Debug|iPhoneSimulator = Debug|iPhoneSimulator
		Debug|x64 = Debug|x64
		Debug|x86 = Debug|x86
		Release|Any CPU = Release|Any CPU
		Release|ARM = Release|ARM
		Release|iPhone = Release|iPhone
		Release|iPhoneSimulator = Release|iPhoneSimulator
		Release|x64 = Release|x64
		Release|x86 = Release|x86
	EndGlobalSection
	GlobalSection(ProjectConfigurationPlatforms) = postSolution
		{1C420EF1-133C-4741-B5AF-9539A3BB7FF8}.Debug|Any CPU.ActiveCfg = Debug|Any CPU
		{1C420EF1-133C-4741-B5AF-9539A3BB7FF8}.Debug|Any CPU.Build.0 = Debug|Any CPU
		{1C420EF1-133C-4741-B5AF-9539A3BB7FF8}.Debug|ARM.ActiveCfg = Debug|Any CPU
		{1C420EF1-133C-4741-B5AF-9539A3BB7FF8}.Debug|ARM.Build.0 = Debug|Any CPU
		{1C420EF1-133C-4741-B5AF-9539A3BB7FF8}.Debug|iPhone.ActiveCfg = Debug|Any CPU
		{1C420EF1-133C-4741-B5AF-9539A3BB7FF8}.Debug|iPhone.Build.0 = Debug|Any CPU
		{1C420EF1-133C-4741-B5AF-9539A3BB7FF8}.Debug|iPhoneSimulator.ActiveCfg = Debug|Any CPU
		{1C420EF1-133C-4741-B5AF-9539A3BB7FF8}.Debug|iPhoneSimulator.Build.0 = Debug|Any CPU
		{1C420EF1-133C-4741-B5AF-9539A3BB7FF8}.Debug|x64.ActiveCfg = Debug|Any CPU
		{1C420EF1-133C-4741-B5AF-9539A3BB7FF8}.Debug|x64.Build.0 = Debug|Any CPU
		{1C420EF1-133C-4741-B5AF-9539A3BB7FF8}.Debug|x86.ActiveCfg = Debug|Any CPU
		{1C420EF1-133C-4741-B5AF-9539A3BB7FF8}.Debug|x86.Build.0 = Debug|Any CPU
		{1C420EF1-133C-4741-B5AF-9539A3BB7FF8}.Release|Any CPU.ActiveCfg = Release|Any CPU
		{1C420EF1-133C-4741-B5AF-9539A3BB7FF8}.Release|Any CPU.Build.0 = Release|Any CPU
		{1C420EF1-133C-4741-B5AF-9539A3BB7FF8}.Release|ARM.ActiveCfg = Release|Any CPU
		{1C420EF1-133C-4741-B5AF-9539A3BB7FF8}.Release|ARM.Build.0 = Release|Any CPU
		{1C420EF1-133C-4741-B5AF-9539A3BB7FF8}.Release|iPhone.ActiveCfg = Release|Any CPU
		{1C420EF1-133C-4741-B5AF-9539A3BB7FF8}.Release|iPhone.Build.0 = Release|Any CPU
		{1C420EF1-133C-4741-B5AF-9539A3BB7FF8}.Release|iPhoneSimulator.ActiveCfg = Release|Any CPU
		{1C420EF1-133C-4741-B5AF-9539A3BB7FF8}.Release|iPhoneSimulator.Build.0 = Release|Any CPU
		{1C420EF1-133C-4741-B5AF-9539A3BB7FF8}.Release|x64.ActiveCfg = Release|Any CPU
		{1C420EF1-133C-4741-B5AF-9539A3BB7FF8}.Release|x64.Build.0 = Release|Any CPU
		{1C420EF1-133C-4741-B5AF-9539A3BB7FF8}.Release|x86.ActiveCfg = Release|Any CPU
		{1C420EF1-133C-4741-B5AF-9539A3BB7FF8}.Release|x86.Build.0 = Release|Any CPU
		{7BECE4E7-8114-40D1-8C76-D6D72E1AB9C2}.Debug|Any CPU.ActiveCfg = Debug|Any CPU
		{7BECE4E7-8114-40D1-8C76-D6D72E1AB9C2}.Debug|Any CPU.Build.0 = Debug|Any CPU
		{7BECE4E7-8114-40D1-8C76-D6D72E1AB9C2}.Debug|ARM.ActiveCfg = Debug|Any CPU
		{7BECE4E7-8114-40D1-8C76-D6D72E1AB9C2}.Debug|ARM.Build.0 = Debug|Any CPU
		{7BECE4E7-8114-40D1-8C76-D6D72E1AB9C2}.Debug|iPhone.ActiveCfg = Debug|Any CPU
		{7BECE4E7-8114-40D1-8C76-D6D72E1AB9C2}.Debug|iPhone.Build.0 = Debug|Any CPU
		{7BECE4E7-8114-40D1-8C76-D6D72E1AB9C2}.Debug|iPhoneSimulator.ActiveCfg = Debug|Any CPU
		{7BECE4E7-8114-40D1-8C76-D6D72E1AB9C2}.Debug|iPhoneSimulator.Build.0 = Debug|Any CPU
		{7BECE4E7-8114-40D1-8C76-D6D72E1AB9C2}.Debug|x64.ActiveCfg = Debug|Any CPU
		{7BECE4E7-8114-40D1-8C76-D6D72E1AB9C2}.Debug|x64.Build.0 = Debug|Any CPU
		{7BECE4E7-8114-40D1-8C76-D6D72E1AB9C2}.Debug|x86.ActiveCfg = Debug|Any CPU
		{7BECE4E7-8114-40D1-8C76-D6D72E1AB9C2}.Debug|x86.Build.0 = Debug|Any CPU
		{7BECE4E7-8114-40D1-8C76-D6D72E1AB9C2}.Release|Any CPU.ActiveCfg = Release|Any CPU
		{7BECE4E7-8114-40D1-8C76-D6D72E1AB9C2}.Release|Any CPU.Build.0 = Release|Any CPU
		{7BECE4E7-8114-40D1-8C76-D6D72E1AB9C2}.Release|ARM.ActiveCfg = Release|Any CPU
		{7BECE4E7-8114-40D1-8C76-D6D72E1AB9C2}.Release|ARM.Build.0 = Release|Any CPU
		{7BECE4E7-8114-40D1-8C76-D6D72E1AB9C2}.Release|iPhone.ActiveCfg = Release|Any CPU
		{7BECE4E7-8114-40D1-8C76-D6D72E1AB9C2}.Release|iPhone.Build.0 = Release|Any CPU
		{7BECE4E7-8114-40D1-8C76-D6D72E1AB9C2}.Release|iPhoneSimulator.ActiveCfg = Release|Any CPU
		{7BECE4E7-8114-40D1-8C76-D6D72E1AB9C2}.Release|iPhoneSimulator.Build.0 = Release|Any CPU
		{7BECE4E7-8114-40D1-8C76-D6D72E1AB9C2}.Release|x64.ActiveCfg = Release|Any CPU
		{7BECE4E7-8114-40D1-8C76-D6D72E1AB9C2}.Release|x64.Build.0 = Release|Any CPU
		{7BECE4E7-8114-40D1-8C76-D6D72E1AB9C2}.Release|x86.ActiveCfg = Release|Any CPU
		{7BECE4E7-8114-40D1-8C76-D6D72E1AB9C2}.Release|x86.Build.0 = Release|Any CPU
		{31C8428A-456A-4E2B-AE2E-56C005BEC0CB}.Debug|Any CPU.ActiveCfg = Debug|Any CPU
		{31C8428A-456A-4E2B-AE2E-56C005BEC0CB}.Debug|Any CPU.Build.0 = Debug|Any CPU
		{31C8428A-456A-4E2B-AE2E-56C005BEC0CB}.Debug|ARM.ActiveCfg = Debug|Any CPU
		{31C8428A-456A-4E2B-AE2E-56C005BEC0CB}.Debug|ARM.Build.0 = Debug|Any CPU
		{31C8428A-456A-4E2B-AE2E-56C005BEC0CB}.Debug|iPhone.ActiveCfg = Debug|Any CPU
		{31C8428A-456A-4E2B-AE2E-56C005BEC0CB}.Debug|iPhone.Build.0 = Debug|Any CPU
		{31C8428A-456A-4E2B-AE2E-56C005BEC0CB}.Debug|iPhoneSimulator.ActiveCfg = Debug|Any CPU
		{31C8428A-456A-4E2B-AE2E-56C005BEC0CB}.Debug|iPhoneSimulator.Build.0 = Debug|Any CPU
		{31C8428A-456A-4E2B-AE2E-56C005BEC0CB}.Debug|x64.ActiveCfg = Debug|Any CPU
		{31C8428A-456A-4E2B-AE2E-56C005BEC0CB}.Debug|x64.Build.0 = Debug|Any CPU
		{31C8428A-456A-4E2B-AE2E-56C005BEC0CB}.Debug|x86.ActiveCfg = Debug|Any CPU
		{31C8428A-456A-4E2B-AE2E-56C005BEC0CB}.Debug|x86.Build.0 = Debug|Any CPU
		{31C8428A-456A-4E2B-AE2E-56C005BEC0CB}.Release|Any CPU.ActiveCfg = Release|Any CPU
		{31C8428A-456A-4E2B-AE2E-56C005BEC0CB}.Release|Any CPU.Build.0 = Release|Any CPU
		{31C8428A-456A-4E2B-AE2E-56C005BEC0CB}.Release|ARM.ActiveCfg = Release|Any CPU
		{31C8428A-456A-4E2B-AE2E-56C005BEC0CB}.Release|ARM.Build.0 = Release|Any CPU
		{31C8428A-456A-4E2B-AE2E-56C005BEC0CB}.Release|iPhone.ActiveCfg = Release|Any CPU
		{31C8428A-456A-4E2B-AE2E-56C005BEC0CB}.Release|iPhone.Build.0 = Release|Any CPU
		{31C8428A-456A-4E2B-AE2E-56C005BEC0CB}.Release|iPhoneSimulator.ActiveCfg = Release|Any CPU
		{31C8428A-456A-4E2B-AE2E-56C005BEC0CB}.Release|iPhoneSimulator.Build.0 = Release|Any CPU
		{31C8428A-456A-4E2B-AE2E-56C005BEC0CB}.Release|x64.ActiveCfg = Release|Any CPU
		{31C8428A-456A-4E2B-AE2E-56C005BEC0CB}.Release|x64.Build.0 = Release|Any CPU
		{31C8428A-456A-4E2B-AE2E-56C005BEC0CB}.Release|x86.ActiveCfg = Release|Any CPU
		{31C8428A-456A-4E2B-AE2E-56C005BEC0CB}.Release|x86.Build.0 = Release|Any CPU
		{6FFADF87-BD31-431B-9D9B-D4A159C89B04}.Debug|Any CPU.ActiveCfg = Debug|Any CPU
		{6FFADF87-BD31-431B-9D9B-D4A159C89B04}.Debug|Any CPU.Build.0 = Debug|Any CPU
		{6FFADF87-BD31-431B-9D9B-D4A159C89B04}.Debug|ARM.ActiveCfg = Debug|Any CPU
		{6FFADF87-BD31-431B-9D9B-D4A159C89B04}.Debug|ARM.Build.0 = Debug|Any CPU
		{6FFADF87-BD31-431B-9D9B-D4A159C89B04}.Debug|iPhone.ActiveCfg = Debug|Any CPU
		{6FFADF87-BD31-431B-9D9B-D4A159C89B04}.Debug|iPhone.Build.0 = Debug|Any CPU
		{6FFADF87-BD31-431B-9D9B-D4A159C89B04}.Debug|iPhoneSimulator.ActiveCfg = Debug|Any CPU
		{6FFADF87-BD31-431B-9D9B-D4A159C89B04}.Debug|iPhoneSimulator.Build.0 = Debug|Any CPU
		{6FFADF87-BD31-431B-9D9B-D4A159C89B04}.Debug|x64.ActiveCfg = Debug|Any CPU
		{6FFADF87-BD31-431B-9D9B-D4A159C89B04}.Debug|x64.Build.0 = Debug|Any CPU
		{6FFADF87-BD31-431B-9D9B-D4A159C89B04}.Debug|x86.ActiveCfg = Debug|Any CPU
		{6FFADF87-BD31-431B-9D9B-D4A159C89B04}.Debug|x86.Build.0 = Debug|Any CPU
		{6FFADF87-BD31-431B-9D9B-D4A159C89B04}.Release|Any CPU.ActiveCfg = Release|Any CPU
		{6FFADF87-BD31-431B-9D9B-D4A159C89B04}.Release|Any CPU.Build.0 = Release|Any CPU
		{6FFADF87-BD31-431B-9D9B-D4A159C89B04}.Release|ARM.ActiveCfg = Release|Any CPU
		{6FFADF87-BD31-431B-9D9B-D4A159C89B04}.Release|ARM.Build.0 = Release|Any CPU
		{6FFADF87-BD31-431B-9D9B-D4A159C89B04}.Release|iPhone.ActiveCfg = Release|Any CPU
		{6FFADF87-BD31-431B-9D9B-D4A159C89B04}.Release|iPhone.Build.0 = Release|Any CPU
		{6FFADF87-BD31-431B-9D9B-D4A159C89B04}.Release|iPhoneSimulator.ActiveCfg = Release|Any CPU
		{6FFADF87-BD31-431B-9D9B-D4A159C89B04}.Release|iPhoneSimulator.Build.0 = Release|Any CPU
		{6FFADF87-BD31-431B-9D9B-D4A159C89B04}.Release|x64.ActiveCfg = Release|Any CPU
		{6FFADF87-BD31-431B-9D9B-D4A159C89B04}.Release|x64.Build.0 = Release|Any CPU
		{6FFADF87-BD31-431B-9D9B-D4A159C89B04}.Release|x86.ActiveCfg = Release|Any CPU
		{6FFADF87-BD31-431B-9D9B-D4A159C89B04}.Release|x86.Build.0 = Release|Any CPU
		{7E9BE1AE-44A6-42DD-A0AD-0F9B71DF4B13}.Debug|Any CPU.ActiveCfg = Debug|x86
		{7E9BE1AE-44A6-42DD-A0AD-0F9B71DF4B13}.Debug|ARM.ActiveCfg = Debug|ARM
		{7E9BE1AE-44A6-42DD-A0AD-0F9B71DF4B13}.Debug|ARM.Build.0 = Debug|ARM
		{7E9BE1AE-44A6-42DD-A0AD-0F9B71DF4B13}.Debug|ARM.Deploy.0 = Debug|ARM
		{7E9BE1AE-44A6-42DD-A0AD-0F9B71DF4B13}.Debug|iPhone.ActiveCfg = Debug|x86
		{7E9BE1AE-44A6-42DD-A0AD-0F9B71DF4B13}.Debug|iPhoneSimulator.ActiveCfg = Debug|x86
		{7E9BE1AE-44A6-42DD-A0AD-0F9B71DF4B13}.Debug|x64.ActiveCfg = Debug|x64
		{7E9BE1AE-44A6-42DD-A0AD-0F9B71DF4B13}.Debug|x64.Build.0 = Debug|x64
		{7E9BE1AE-44A6-42DD-A0AD-0F9B71DF4B13}.Debug|x64.Deploy.0 = Debug|x64
		{7E9BE1AE-44A6-42DD-A0AD-0F9B71DF4B13}.Debug|x86.ActiveCfg = Debug|x86
		{7E9BE1AE-44A6-42DD-A0AD-0F9B71DF4B13}.Debug|x86.Build.0 = Debug|x86
		{7E9BE1AE-44A6-42DD-A0AD-0F9B71DF4B13}.Debug|x86.Deploy.0 = Debug|x86
		{7E9BE1AE-44A6-42DD-A0AD-0F9B71DF4B13}.Release|Any CPU.ActiveCfg = Release|x86
		{7E9BE1AE-44A6-42DD-A0AD-0F9B71DF4B13}.Release|ARM.ActiveCfg = Release|ARM
		{7E9BE1AE-44A6-42DD-A0AD-0F9B71DF4B13}.Release|ARM.Build.0 = Release|ARM
		{7E9BE1AE-44A6-42DD-A0AD-0F9B71DF4B13}.Release|ARM.Deploy.0 = Release|ARM
		{7E9BE1AE-44A6-42DD-A0AD-0F9B71DF4B13}.Release|iPhone.ActiveCfg = Release|x86
		{7E9BE1AE-44A6-42DD-A0AD-0F9B71DF4B13}.Release|iPhoneSimulator.ActiveCfg = Release|x86
		{7E9BE1AE-44A6-42DD-A0AD-0F9B71DF4B13}.Release|x64.ActiveCfg = Release|x64
		{7E9BE1AE-44A6-42DD-A0AD-0F9B71DF4B13}.Release|x64.Build.0 = Release|x64
		{7E9BE1AE-44A6-42DD-A0AD-0F9B71DF4B13}.Release|x64.Deploy.0 = Release|x64
		{7E9BE1AE-44A6-42DD-A0AD-0F9B71DF4B13}.Release|x86.ActiveCfg = Release|x86
		{7E9BE1AE-44A6-42DD-A0AD-0F9B71DF4B13}.Release|x86.Build.0 = Release|x86
		{7E9BE1AE-44A6-42DD-A0AD-0F9B71DF4B13}.Release|x86.Deploy.0 = Release|x86
		{3B473F46-720A-4CEA-B1A6-BB8FEF6A1E25}.Debug|Any CPU.ActiveCfg = Debug|Any CPU
		{3B473F46-720A-4CEA-B1A6-BB8FEF6A1E25}.Debug|Any CPU.Build.0 = Debug|Any CPU
		{3B473F46-720A-4CEA-B1A6-BB8FEF6A1E25}.Debug|Any CPU.Deploy.0 = Debug|Any CPU
		{3B473F46-720A-4CEA-B1A6-BB8FEF6A1E25}.Debug|ARM.ActiveCfg = Debug|Any CPU
		{3B473F46-720A-4CEA-B1A6-BB8FEF6A1E25}.Debug|ARM.Build.0 = Debug|Any CPU
		{3B473F46-720A-4CEA-B1A6-BB8FEF6A1E25}.Debug|ARM.Deploy.0 = Debug|Any CPU
		{3B473F46-720A-4CEA-B1A6-BB8FEF6A1E25}.Debug|iPhone.ActiveCfg = Debug|Any CPU
		{3B473F46-720A-4CEA-B1A6-BB8FEF6A1E25}.Debug|iPhone.Build.0 = Debug|Any CPU
		{3B473F46-720A-4CEA-B1A6-BB8FEF6A1E25}.Debug|iPhone.Deploy.0 = Debug|Any CPU
		{3B473F46-720A-4CEA-B1A6-BB8FEF6A1E25}.Debug|iPhoneSimulator.ActiveCfg = Debug|Any CPU
		{3B473F46-720A-4CEA-B1A6-BB8FEF6A1E25}.Debug|iPhoneSimulator.Build.0 = Debug|Any CPU
		{3B473F46-720A-4CEA-B1A6-BB8FEF6A1E25}.Debug|iPhoneSimulator.Deploy.0 = Debug|Any CPU
		{3B473F46-720A-4CEA-B1A6-BB8FEF6A1E25}.Debug|x64.ActiveCfg = Debug|Any CPU
		{3B473F46-720A-4CEA-B1A6-BB8FEF6A1E25}.Debug|x64.Build.0 = Debug|Any CPU
		{3B473F46-720A-4CEA-B1A6-BB8FEF6A1E25}.Debug|x64.Deploy.0 = Debug|Any CPU
		{3B473F46-720A-4CEA-B1A6-BB8FEF6A1E25}.Debug|x86.ActiveCfg = Debug|Any CPU
		{3B473F46-720A-4CEA-B1A6-BB8FEF6A1E25}.Debug|x86.Build.0 = Debug|Any CPU
		{3B473F46-720A-4CEA-B1A6-BB8FEF6A1E25}.Debug|x86.Deploy.0 = Debug|Any CPU
		{3B473F46-720A-4CEA-B1A6-BB8FEF6A1E25}.Release|Any CPU.ActiveCfg = Release|Any CPU
		{3B473F46-720A-4CEA-B1A6-BB8FEF6A1E25}.Release|Any CPU.Build.0 = Release|Any CPU
		{3B473F46-720A-4CEA-B1A6-BB8FEF6A1E25}.Release|Any CPU.Deploy.0 = Release|Any CPU
		{3B473F46-720A-4CEA-B1A6-BB8FEF6A1E25}.Release|ARM.ActiveCfg = Release|Any CPU
		{3B473F46-720A-4CEA-B1A6-BB8FEF6A1E25}.Release|ARM.Build.0 = Release|Any CPU
		{3B473F46-720A-4CEA-B1A6-BB8FEF6A1E25}.Release|ARM.Deploy.0 = Release|Any CPU
		{3B473F46-720A-4CEA-B1A6-BB8FEF6A1E25}.Release|iPhone.ActiveCfg = Release|Any CPU
		{3B473F46-720A-4CEA-B1A6-BB8FEF6A1E25}.Release|iPhone.Build.0 = Release|Any CPU
		{3B473F46-720A-4CEA-B1A6-BB8FEF6A1E25}.Release|iPhone.Deploy.0 = Release|Any CPU
		{3B473F46-720A-4CEA-B1A6-BB8FEF6A1E25}.Release|iPhoneSimulator.ActiveCfg = Release|Any CPU
		{3B473F46-720A-4CEA-B1A6-BB8FEF6A1E25}.Release|iPhoneSimulator.Build.0 = Release|Any CPU
		{3B473F46-720A-4CEA-B1A6-BB8FEF6A1E25}.Release|iPhoneSimulator.Deploy.0 = Release|Any CPU
		{3B473F46-720A-4CEA-B1A6-BB8FEF6A1E25}.Release|x64.ActiveCfg = Release|Any CPU
		{3B473F46-720A-4CEA-B1A6-BB8FEF6A1E25}.Release|x64.Build.0 = Release|Any CPU
		{3B473F46-720A-4CEA-B1A6-BB8FEF6A1E25}.Release|x64.Deploy.0 = Release|Any CPU
		{3B473F46-720A-4CEA-B1A6-BB8FEF6A1E25}.Release|x86.ActiveCfg = Release|Any CPU
		{3B473F46-720A-4CEA-B1A6-BB8FEF6A1E25}.Release|x86.Build.0 = Release|Any CPU
		{3B473F46-720A-4CEA-B1A6-BB8FEF6A1E25}.Release|x86.Deploy.0 = Release|Any CPU
		{95965E41-705F-4737-AC07-233FCBF050AA}.Debug|Any CPU.ActiveCfg = Debug|iPhone
		{95965E41-705F-4737-AC07-233FCBF050AA}.Debug|ARM.ActiveCfg = Debug|iPhone
		{95965E41-705F-4737-AC07-233FCBF050AA}.Debug|iPhone.ActiveCfg = Debug|iPhone
		{95965E41-705F-4737-AC07-233FCBF050AA}.Debug|iPhone.Build.0 = Debug|iPhone
		{95965E41-705F-4737-AC07-233FCBF050AA}.Debug|iPhoneSimulator.ActiveCfg = Debug|iPhoneSimulator
		{95965E41-705F-4737-AC07-233FCBF050AA}.Debug|iPhoneSimulator.Build.0 = Debug|iPhoneSimulator
		{95965E41-705F-4737-AC07-233FCBF050AA}.Debug|x64.ActiveCfg = Debug|iPhone
		{95965E41-705F-4737-AC07-233FCBF050AA}.Debug|x86.ActiveCfg = Debug|iPhone
		{95965E41-705F-4737-AC07-233FCBF050AA}.Release|Any CPU.ActiveCfg = Release|iPhone
		{95965E41-705F-4737-AC07-233FCBF050AA}.Release|ARM.ActiveCfg = Release|iPhone
		{95965E41-705F-4737-AC07-233FCBF050AA}.Release|iPhone.ActiveCfg = Release|iPhone
		{95965E41-705F-4737-AC07-233FCBF050AA}.Release|iPhone.Build.0 = Release|iPhone
		{95965E41-705F-4737-AC07-233FCBF050AA}.Release|iPhoneSimulator.ActiveCfg = Release|iPhoneSimulator
		{95965E41-705F-4737-AC07-233FCBF050AA}.Release|iPhoneSimulator.Build.0 = Release|iPhoneSimulator
		{95965E41-705F-4737-AC07-233FCBF050AA}.Release|x64.ActiveCfg = Release|iPhone
		{95965E41-705F-4737-AC07-233FCBF050AA}.Release|x86.ActiveCfg = Release|iPhone
	EndGlobalSection
	GlobalSection(SolutionProperties) = preSolution
		HideSolutionNode = FALSE
	EndGlobalSection
	GlobalSection(ExtensibilityGlobals) = postSolution
		SolutionGuid = {63C16E59-3305-43FA-85C8-FD1F55CF7959}
	EndGlobalSection
EndGlobal
