
Microsoft Visual Studio Solution File, Format Version 12.00
# Visual Studio 15
VisualStudioVersion = 15.0.28307.271
MinimumVisualStudioVersion = 10.0.40219.1
Project("{9A19103F-16F7-4668-BE54-9A1E7A4F7556}") = "VectorTiles", "VectorTiles\VectorTiles.csproj", "{1C420EF1-133C-4741-B5AF-9539A3BB7FF8}"
EndProject
Project("{9A19103F-16F7-4668-BE54-9A1E7A4F7556}") = "VectorTiles.MapboxGL", "VectorTiles.MapboxGL\VectorTiles.MapboxGL.csproj", "{7BECE4E7-8114-40D1-8C76-D6D72E1AB9C2}"
EndProject
Project("{FAE04EC0-301F-11D3-BF4B-00C04F79EFBC}") = "Factory", "Factory\Factory.csproj", "{31C8428A-456A-4E2B-AE2E-56C005BEC0CB}"
EndProject
Global
	GlobalSection(SolutionConfigurationPlatforms) = preSolution
		Debug|Any CPU = Debug|Any CPU
		Release|Any CPU = Release|Any CPU
	EndGlobalSection
	GlobalSection(ProjectConfigurationPlatforms) = postSolution
		{1C420EF1-133C-4741-B5AF-9539A3BB7FF8}.Debug|Any CPU.ActiveCfg = Debug|Any CPU
		{1C420EF1-133C-4741-B5AF-9539A3BB7FF8}.Debug|Any CPU.Build.0 = Debug|Any CPU
		{1C420EF1-133C-4741-B5AF-9539A3BB7FF8}.Release|Any CPU.ActiveCfg = Release|Any CPU
		{1C420EF1-133C-4741-B5AF-9539A3BB7FF8}.Release|Any CPU.Build.0 = Release|Any CPU
		{7BECE4E7-8114-40D1-8C76-D6D72E1AB9C2}.Debug|Any CPU.ActiveCfg = Debug|Any CPU
		{7BECE4E7-8114-40D1-8C76-D6D72E1AB9C2}.Debug|Any CPU.Build.0 = Debug|Any CPU
		{7BECE4E7-8114-40D1-8C76-D6D72E1AB9C2}.Release|Any CPU.ActiveCfg = Release|Any CPU
		{7BECE4E7-8114-40D1-8C76-D6D72E1AB9C2}.Release|Any CPU.Build.0 = Release|Any CPU
		{31C8428A-456A-4E2B-AE2E-56C005BEC0CB}.Debug|Any CPU.ActiveCfg = Debug|Any CPU
		{31C8428A-456A-4E2B-AE2E-56C005BEC0CB}.Debug|Any CPU.Build.0 = Debug|Any CPU
		{31C8428A-456A-4E2B-AE2E-56C005BEC0CB}.Release|Any CPU.ActiveCfg = Release|Any CPU
		{31C8428A-456A-4E2B-AE2E-56C005BEC0CB}.Release|Any CPU.Build.0 = Release|Any CPU
	EndGlobalSection
	GlobalSection(SolutionProperties) = preSolution
		HideSolutionNode = FALSE
	EndGlobalSection
	GlobalSection(ExtensibilityGlobals) = postSolution
		SolutionGuid = {63C16E59-3305-43FA-85C8-FD1F55CF7959}
	EndGlobalSection
EndGlobal
